
Microsoft Visual Studio Solution File, Format Version 12.00
# Visual Studio Version 17
VisualStudioVersion = 17.8.34511.84
MinimumVisualStudioVersion = 10.0.40219.1
Project("{FAE04EC0-301F-11D3-BF4B-00C04F79EFBC}") = "CalculatorWpfApp2", "CalculatorWpfApp2\CalculatorWpfApp2.csproj", "{C6BBBA43-D86D-4E62-9F12-7971B63C8ADB}"
EndProject
Global
	GlobalSection(SolutionConfigurationPlatforms) = preSolution
		Debug|Any CPU = Debug|Any CPU
		Release|Any CPU = Release|Any CPU
	EndGlobalSection
	GlobalSection(ProjectConfigurationPlatforms) = postSolution
		{C6BBBA43-D86D-4E62-9F12-7971B63C8ADB}.Debug|Any CPU.ActiveCfg = Debug|Any CPU
		{C6BBBA43-D86D-4E62-9F12-7971B63C8ADB}.Debug|Any CPU.Build.0 = Debug|Any CPU
		{C6BBBA43-D86D-4E62-9F12-7971B63C8ADB}.Release|Any CPU.ActiveCfg = Release|Any CPU
		{C6BBBA43-D86D-4E62-9F12-7971B63C8ADB}.Release|Any CPU.Build.0 = Release|Any CPU
	EndGlobalSection
	GlobalSection(SolutionProperties) = preSolution
		HideSolutionNode = FALSE
	EndGlobalSection
	GlobalSection(ExtensibilityGlobals) = postSolution
		SolutionGuid = {39ACAA09-50BB-4FF8-B28F-E50F20726951}
	EndGlobalSection
EndGlobal
